
Microsoft Visual Studio Solution File, Format Version 12.00
# Visual Studio 15
VisualStudioVersion = 15.0.28307.539
MinimumVisualStudioVersion = 10.0.40219.1
Project("{FAE04EC0-301F-11D3-BF4B-00C04F79EFBC}") = "DrawingBoardNET", "DrawingBoardNET.csproj", "{80663461-BEE2-441E-838F-2E1E26F088D9}"
EndProject
Global
	GlobalSection(SolutionConfigurationPlatforms) = preSolution
		Debug|Any CPU = Debug|Any CPU
		Release|Any CPU = Release|Any CPU
	EndGlobalSection
	GlobalSection(ProjectConfigurationPlatforms) = postSolution
		{80663461-BEE2-441E-838F-2E1E26F088D9}.Debug|Any CPU.ActiveCfg = Debug|Any CPU
		{80663461-BEE2-441E-838F-2E1E26F088D9}.Debug|Any CPU.Build.0 = Debug|Any CPU
		{80663461-BEE2-441E-838F-2E1E26F088D9}.Release|Any CPU.ActiveCfg = Release|Any CPU
		{80663461-BEE2-441E-838F-2E1E26F088D9}.Release|Any CPU.Build.0 = Release|Any CPU
	EndGlobalSection
	GlobalSection(SolutionProperties) = preSolution
		HideSolutionNode = FALSE
	EndGlobalSection
	GlobalSection(ExtensibilityGlobals) = postSolution
		SolutionGuid = {5059ECB4-9BAB-4A8B-9E9F-5B8AEC35E5E8}
	EndGlobalSection
EndGlobal
